{
  "nodes": {
    "nixpkgs": {
      "locked": {
        "lastModified": 1614535430,
        "narHash": "sha256-kZwi0CooIOmFrk9eIteYSZIr4a4DVTEYV7UnURs6DSM=",
        "owner": "NixOS",
        "repo": "nixpkgs",
        "rev": "0aeba64fb26e4defa0842a942757144659c6e29f",
        "type": "github"
      },
      "original": {
        "owner": "NixOS",
        "ref": "nixos-unstable",
        "repo": "nixpkgs",
        "type": "github"
      }
    },
    "root": {
      "inputs": {
        "nixpkgs": "nixpkgs"
      }
    }
  },
  "root": "root",
  "version": 7
}
